
Microsoft Visual Studio Solution File, Format Version 12.00
# Visual Studio 2017
Project("{FAE04EC0-301F-11D3-BF4B-00C04F79EFBC}") = "Zombie-Shooter", "Zombie-Shooter.csproj", "{383AC034-B810-701F-7761-D2A95A5426BC}"
EndProject
Project("{FAE04EC0-301F-11D3-BF4B-00C04F79EFBC}") = "Zombie-Shooter.Editor", "Zombie-Shooter.Editor.csproj", "{526DCC84-100B-62B6-D39A-B14D8F01C987}"
EndProject
Project("{FAE04EC0-301F-11D3-BF4B-00C04F79EFBC}") = "Zombie-Shooter.Editor", "Zombie-Shooter.Editor.csproj", "{526DCC84-100B-62B6-D39A-B14D8F01C987}"
EndProject
Global
	GlobalSection(SolutionConfigurationPlatforms) = preSolution
		Debug|Any CPU = Debug|Any CPU
		Release|Any CPU = Release|Any CPU
	EndGlobalSection
	GlobalSection(ProjectConfigurationPlatforms) = postSolution
		{383AC034-B810-701F-7761-D2A95A5426BC}.Debug|Any CPU.ActiveCfg = Debug|Any CPU
		{383AC034-B810-701F-7761-D2A95A5426BC}.Debug|Any CPU.Build.0 = Debug|Any CPU
		{383AC034-B810-701F-7761-D2A95A5426BC}.Release|Any CPU.ActiveCfg = Release|Any CPU
		{383AC034-B810-701F-7761-D2A95A5426BC}.Release|Any CPU.Build.0 = Release|Any CPU
		{526DCC84-100B-62B6-D39A-B14D8F01C987}.Debug|Any CPU.ActiveCfg = Debug|Any CPU
		{526DCC84-100B-62B6-D39A-B14D8F01C987}.Debug|Any CPU.Build.0 = Debug|Any CPU
		{526DCC84-100B-62B6-D39A-B14D8F01C987}.Release|Any CPU.ActiveCfg = Release|Any CPU
		{526DCC84-100B-62B6-D39A-B14D8F01C987}.Release|Any CPU.Build.0 = Release|Any CPU
		{526DCC84-100B-62B6-D39A-B14D8F01C987}.Debug|Any CPU.ActiveCfg = Debug|Any CPU
		{526DCC84-100B-62B6-D39A-B14D8F01C987}.Debug|Any CPU.Build.0 = Debug|Any CPU
		{526DCC84-100B-62B6-D39A-B14D8F01C987}.Release|Any CPU.ActiveCfg = Release|Any CPU
		{526DCC84-100B-62B6-D39A-B14D8F01C987}.Release|Any CPU.Build.0 = Release|Any CPU
	EndGlobalSection
	GlobalSection(SolutionProperties) = preSolution
		HideSolutionNode = FALSE
	EndGlobalSection
EndGlobal
